
Microsoft Visual Studio Solution File, Format Version 12.00
# Visual Studio Version 17
VisualStudioVersion = 17.0.31903.59
MinimumVisualStudioVersion = 10.0.40219.1
Project("{FAE04EC0-301F-11D3-BF4B-00C04F79EFBC}") = "ExampleMinimalAPI", "ExampleMinimalAPI\ExampleMinimalAPI.csproj", "{24FDB48F-34A7-4450-8B04-16B2B3ECA064}"
EndProject
Project("{FAE04EC0-301F-11D3-BF4B-00C04F79EFBC}") = "ToDoApi", "ToDoApi\ToDoApi.csproj", "{F3BBDCED-788B-47FD-A6B3-411687E5677B}"
EndProject
Project("{2150E333-8FDC-42A3-9474-1A3956D46DE8}") = "Services", "Services", "{05CAD255-6E50-4408-8B21-B7A1E965A359}"
EndProject
Project("{2150E333-8FDC-42A3-9474-1A3956D46DE8}") = "Catalog", "Catalog", "{82757EC2-8A41-4263-8CB9-DB0105F09EF9}"
EndProject
Project("{FAE04EC0-301F-11D3-BF4B-00C04F79EFBC}") = "CatalogAPI", "Services\Catalog\CatalogAPI\CatalogAPI.csproj", "{7AB2739D-7516-4E9F-B676-9B08E5CDE89B}"
EndProject
Project("{2150E333-8FDC-42A3-9474-1A3956D46DE8}") = "BuildingBlocks", "BuildingBlocks", "{FE04A430-F351-45EE-ADF6-0A9A883CAD5F}"
EndProject
Project("{FAE04EC0-301F-11D3-BF4B-00C04F79EFBC}") = "BuildingBlocks", "BuildingBlocks\BuildingBlocks\BuildingBlocks.csproj", "{A601B121-8868-4CFB-8808-CE3E92F1323E}"
EndProject
Project("{2150E333-8FDC-42A3-9474-1A3956D46DE8}") = "Basket", "Basket", "{A24156FD-6521-1FFF-E2DD-BBAF4DB70E1A}"
EndProject
Project("{FAE04EC0-301F-11D3-BF4B-00C04F79EFBC}") = "BasketAPI", "Services\Basket\BasketAPI\BasketAPI.csproj", "{46CE9187-8241-41EE-AD25-C8DDE6A18A71}"
EndProject
Project("{2150E333-8FDC-42A3-9474-1A3956D46DE8}") = "Discount", "Discount", "{0148555C-1D70-E52F-32D7-86E62D9838D0}"
EndProject
Project("{FAE04EC0-301F-11D3-BF4B-00C04F79EFBC}") = "DiscountAPI", "Services\Discount\DiscountAPI\DiscountAPI.csproj", "{FA181C6A-846D-4A26-8789-D6973CBBBF25}"
EndProject
Project("{2150E333-8FDC-42A3-9474-1A3956D46DE8}") = "Ordering", "Ordering", "{88F4D0E4-3F14-B03D-2A24-9AA7A1AF4FF8}"
EndProject
Project("{FAE04EC0-301F-11D3-BF4B-00C04F79EFBC}") = "OrderingAPI", "Services\Ordering\OrderingAPI\OrderingAPI.csproj", "{76142996-1641-42D5-A70B-425A8486AC51}"
EndProject
Project("{FAE04EC0-301F-11D3-BF4B-00C04F79EFBC}") = "OrderingDomain", "Services\Ordering\OrderingDomain\OrderingDomain.csproj", "{A63A172B-6584-49B2-9C48-3CB1D1F330B0}"
EndProject
Project("{FAE04EC0-301F-11D3-BF4B-00C04F79EFBC}") = "OrderingApplication", "Services\Ordering\OrderingApplication\OrderingApplication.csproj", "{D41E6D22-E530-4995-B393-E1F7FE2E62A0}"
EndProject
Project("{FAE04EC0-301F-11D3-BF4B-00C04F79EFBC}") = "OrderingInfrastructure", "Services\Ordering\OrderingInfrastructure\OrderingInfrastructure.csproj", "{38B60F34-6026-410A-864B-AA21CD253548}"
EndProject
Global
	GlobalSection(SolutionConfigurationPlatforms) = preSolution
		Debug|Any CPU = Debug|Any CPU
		Release|Any CPU = Release|Any CPU
	EndGlobalSection
	GlobalSection(ProjectConfigurationPlatforms) = postSolution
		{24FDB48F-34A7-4450-8B04-16B2B3ECA064}.Debug|Any CPU.ActiveCfg = Debug|Any CPU
		{24FDB48F-34A7-4450-8B04-16B2B3ECA064}.Debug|Any CPU.Build.0 = Debug|Any CPU
		{24FDB48F-34A7-4450-8B04-16B2B3ECA064}.Release|Any CPU.ActiveCfg = Release|Any CPU
		{24FDB48F-34A7-4450-8B04-16B2B3ECA064}.Release|Any CPU.Build.0 = Release|Any CPU
		{F3BBDCED-788B-47FD-A6B3-411687E5677B}.Debug|Any CPU.ActiveCfg = Debug|Any CPU
		{F3BBDCED-788B-47FD-A6B3-411687E5677B}.Debug|Any CPU.Build.0 = Debug|Any CPU
		{F3BBDCED-788B-47FD-A6B3-411687E5677B}.Release|Any CPU.ActiveCfg = Release|Any CPU
		{F3BBDCED-788B-47FD-A6B3-411687E5677B}.Release|Any CPU.Build.0 = Release|Any CPU
		{7AB2739D-7516-4E9F-B676-9B08E5CDE89B}.Debug|Any CPU.ActiveCfg = Debug|Any CPU
		{7AB2739D-7516-4E9F-B676-9B08E5CDE89B}.Debug|Any CPU.Build.0 = Debug|Any CPU
		{7AB2739D-7516-4E9F-B676-9B08E5CDE89B}.Release|Any CPU.ActiveCfg = Release|Any CPU
		{7AB2739D-7516-4E9F-B676-9B08E5CDE89B}.Release|Any CPU.Build.0 = Release|Any CPU
		{A601B121-8868-4CFB-8808-CE3E92F1323E}.Debug|Any CPU.ActiveCfg = Debug|Any CPU
		{A601B121-8868-4CFB-8808-CE3E92F1323E}.Debug|Any CPU.Build.0 = Debug|Any CPU
		{A601B121-8868-4CFB-8808-CE3E92F1323E}.Release|Any CPU.ActiveCfg = Release|Any CPU
		{A601B121-8868-4CFB-8808-CE3E92F1323E}.Release|Any CPU.Build.0 = Release|Any CPU
		{46CE9187-8241-41EE-AD25-C8DDE6A18A71}.Debug|Any CPU.ActiveCfg = Debug|Any CPU
		{46CE9187-8241-41EE-AD25-C8DDE6A18A71}.Debug|Any CPU.Build.0 = Debug|Any CPU
		{46CE9187-8241-41EE-AD25-C8DDE6A18A71}.Release|Any CPU.ActiveCfg = Release|Any CPU
		{46CE9187-8241-41EE-AD25-C8DDE6A18A71}.Release|Any CPU.Build.0 = Release|Any CPU
		{FA181C6A-846D-4A26-8789-D6973CBBBF25}.Debug|Any CPU.ActiveCfg = Debug|Any CPU
		{FA181C6A-846D-4A26-8789-D6973CBBBF25}.Debug|Any CPU.Build.0 = Debug|Any CPU
		{FA181C6A-846D-4A26-8789-D6973CBBBF25}.Release|Any CPU.ActiveCfg = Release|Any CPU
		{FA181C6A-846D-4A26-8789-D6973CBBBF25}.Release|Any CPU.Build.0 = Release|Any CPU
		{76142996-1641-42D5-A70B-425A8486AC51}.Debug|Any CPU.ActiveCfg = Debug|Any CPU
		{76142996-1641-42D5-A70B-425A8486AC51}.Debug|Any CPU.Build.0 = Debug|Any CPU
		{76142996-1641-42D5-A70B-425A8486AC51}.Release|Any CPU.ActiveCfg = Release|Any CPU
		{76142996-1641-42D5-A70B-425A8486AC51}.Release|Any CPU.Build.0 = Release|Any CPU
		{A63A172B-6584-49B2-9C48-3CB1D1F330B0}.Debug|Any CPU.ActiveCfg = Debug|Any CPU
		{A63A172B-6584-49B2-9C48-3CB1D1F330B0}.Debug|Any CPU.Build.0 = Debug|Any CPU
		{A63A172B-6584-49B2-9C48-3CB1D1F330B0}.Release|Any CPU.ActiveCfg = Release|Any CPU
		{A63A172B-6584-49B2-9C48-3CB1D1F330B0}.Release|Any CPU.Build.0 = Release|Any CPU
		{D41E6D22-E530-4995-B393-E1F7FE2E62A0}.Debug|Any CPU.ActiveCfg = Debug|Any CPU
		{D41E6D22-E530-4995-B393-E1F7FE2E62A0}.Debug|Any CPU.Build.0 = Debug|Any CPU
		{D41E6D22-E530-4995-B393-E1F7FE2E62A0}.Release|Any CPU.ActiveCfg = Release|Any CPU
		{D41E6D22-E530-4995-B393-E1F7FE2E62A0}.Release|Any CPU.Build.0 = Release|Any CPU
		{38B60F34-6026-410A-864B-AA21CD253548}.Debug|Any CPU.ActiveCfg = Debug|Any CPU
		{38B60F34-6026-410A-864B-AA21CD253548}.Debug|Any CPU.Build.0 = Debug|Any CPU
		{38B60F34-6026-410A-864B-AA21CD253548}.Release|Any CPU.ActiveCfg = Release|Any CPU
		{38B60F34-6026-410A-864B-AA21CD253548}.Release|Any CPU.Build.0 = Release|Any CPU
	EndGlobalSection
	GlobalSection(SolutionProperties) = preSolution
		HideSolutionNode = FALSE
	EndGlobalSection
	GlobalSection(NestedProjects) = preSolution
		{82757EC2-8A41-4263-8CB9-DB0105F09EF9} = {05CAD255-6E50-4408-8B21-B7A1E965A359}
		{7AB2739D-7516-4E9F-B676-9B08E5CDE89B} = {82757EC2-8A41-4263-8CB9-DB0105F09EF9}
		{A601B121-8868-4CFB-8808-CE3E92F1323E} = {FE04A430-F351-45EE-ADF6-0A9A883CAD5F}
		{A24156FD-6521-1FFF-E2DD-BBAF4DB70E1A} = {05CAD255-6E50-4408-8B21-B7A1E965A359}
		{46CE9187-8241-41EE-AD25-C8DDE6A18A71} = {A24156FD-6521-1FFF-E2DD-BBAF4DB70E1A}
		{0148555C-1D70-E52F-32D7-86E62D9838D0} = {05CAD255-6E50-4408-8B21-B7A1E965A359}
		{FA181C6A-846D-4A26-8789-D6973CBBBF25} = {0148555C-1D70-E52F-32D7-86E62D9838D0}
		{88F4D0E4-3F14-B03D-2A24-9AA7A1AF4FF8} = {05CAD255-6E50-4408-8B21-B7A1E965A359}
		{76142996-1641-42D5-A70B-425A8486AC51} = {88F4D0E4-3F14-B03D-2A24-9AA7A1AF4FF8}
		{A63A172B-6584-49B2-9C48-3CB1D1F330B0} = {88F4D0E4-3F14-B03D-2A24-9AA7A1AF4FF8}
		{D41E6D22-E530-4995-B393-E1F7FE2E62A0} = {88F4D0E4-3F14-B03D-2A24-9AA7A1AF4FF8}
		{38B60F34-6026-410A-864B-AA21CD253548} = {88F4D0E4-3F14-B03D-2A24-9AA7A1AF4FF8}
	EndGlobalSection
EndGlobal
